
Microsoft Visual Studio Solution File, Format Version 12.00
# Visual Studio 15
VisualStudioVersion = 15.0.26430.6
MinimumVisualStudioVersion = 10.0.40219.1
Project("{FAE04EC0-301F-11D3-BF4B-00C04F79EFBC}") = "Nyusti.EntityFramework.AlwaysEncrypted", "src\Nyusti.EntityFramework.AlwaysEncrypted\Nyusti.EntityFramework.AlwaysEncrypted.csproj", "{4C01E682-8762-40B7-A3F6-7BE4CD71776C}"
EndProject
Project("{2150E333-8FDC-42A3-9474-1A3956D46DE8}") = ".solutionitems", ".solutionitems", "{50598E65-38E8-4454-A534-4958A82E8360}"
	ProjectSection(SolutionItems) = preProject
		GitVersion.yml = GitVersion.yml
	EndProjectSection
EndProject
Global
	GlobalSection(SolutionConfigurationPlatforms) = preSolution
		Debug|Any CPU = Debug|Any CPU
		Release|Any CPU = Release|Any CPU
	EndGlobalSection
	GlobalSection(ProjectConfigurationPlatforms) = postSolution
		{4C01E682-8762-40B7-A3F6-7BE4CD71776C}.Debug|Any CPU.ActiveCfg = Debug|Any CPU
		{4C01E682-8762-40B7-A3F6-7BE4CD71776C}.Debug|Any CPU.Build.0 = Debug|Any CPU
		{4C01E682-8762-40B7-A3F6-7BE4CD71776C}.Release|Any CPU.ActiveCfg = Release|Any CPU
		{4C01E682-8762-40B7-A3F6-7BE4CD71776C}.Release|Any CPU.Build.0 = Release|Any CPU
	EndGlobalSection
	GlobalSection(SolutionProperties) = preSolution
		HideSolutionNode = FALSE
	EndGlobalSection
EndGlobal
